
Microsoft Visual Studio Solution File, Format Version 12.00
# Visual Studio 2013
VisualStudioVersion = 12.0.21005.1
MinimumVisualStudioVersion = 10.0.40219.1
Project("{2150E333-8FDC-42A3-9474-1A3956D46DE8}") = "Service", "Service", "{45ADF579-91D7-41B3-AC1D-0D595E696A30}"
EndProject
Project("{2150E333-8FDC-42A3-9474-1A3956D46DE8}") = "Query", "Query", "{68D6918E-C4C6-4CD1-8D8A-0E507E06300F}"
EndProject
Project("{2150E333-8FDC-42A3-9474-1A3956D46DE8}") = "Manage", "Manage", "{933750C8-5E9D-43F9-9517-46CEADA9E1C0}"
EndProject
Project("{2150E333-8FDC-42A3-9474-1A3956D46DE8}") = "Infrastructure", "Infrastructure", "{F78F9DDB-4B3D-4CE1-AAB5-D2E91A7FB46F}"
EndProject
Project("{2150E333-8FDC-42A3-9474-1A3956D46DE8}") = "Common", "Common", "{E4346AC8-D9DA-40D9-82FF-340C618A31C8}"
EndProject
Project("{2150E333-8FDC-42A3-9474-1A3956D46DE8}") = "Dao", "Dao", "{1E3F1DE9-84C9-4EDA-9FEB-C139365126CE}"
EndProject
Project("{2150E333-8FDC-42A3-9474-1A3956D46DE8}") = "Utility", "Utility", "{124F3F0C-95C4-456B-A8EF-D06C0A01A6E4}"
EndProject
Project("{FAE04EC0-301F-11D3-BF4B-00C04F79EFBC}") = "Chanyi.Utility", "Chanyi.Utility\Chanyi.Utility.csproj", "{4F9469EE-6AEC-41C1-9568-5883992DC182}"
EndProject
Project("{FAE04EC0-301F-11D3-BF4B-00C04F79EFBC}") = "Chanyi.ERP.Dao", "Chanyi.ERP.Dao\Chanyi.ERP.Dao.csproj", "{FE90F367-549C-46D6-8359-BB87F426BD5F}"
EndProject
Project("{2150E333-8FDC-42A3-9474-1A3956D46DE8}") = "Domain", "Domain", "{7795255E-0B86-4559-AE5D-7F7B6C60FBBC}"
EndProject
Project("{FAE04EC0-301F-11D3-BF4B-00C04F79EFBC}") = "Chanyi.ERP.Domain", "Chanyi.ERP.Domain\Chanyi.ERP.Domain.csproj", "{CBB2FAC7-5BFD-48E4-9D9C-C85050D413FC}"
EndProject
Project("{FAE04EC0-301F-11D3-BF4B-00C04F79EFBC}") = "Chanyi.ERP.QueryService", "Chanyi.ERP.QueryService\Chanyi.ERP.QueryService.csproj", "{2708F33E-5B58-4AC1-8F6E-E3E75694F24F}"
EndProject
Project("{FAE04EC0-301F-11D3-BF4B-00C04F79EFBC}") = "Chanyi.ERP.ManageService", "Chanyi.ERP.ManageService\Chanyi.ERP.ManageService.csproj", "{2A2A36FB-2346-4C58-89CE-01D1D5CCC4CA}"
EndProject
Project("{FAE04EC0-301F-11D3-BF4B-00C04F79EFBC}") = "Chanyi.Common", "Chanyi.Common\Chanyi.Common.csproj", "{75CE03C2-3D87-4426-B22A-D325B9C2B4B1}"
EndProject
Global
	GlobalSection(SolutionConfigurationPlatforms) = preSolution
		Debug|Any CPU = Debug|Any CPU
		Release|Any CPU = Release|Any CPU
	EndGlobalSection
	GlobalSection(ProjectConfigurationPlatforms) = postSolution
		{4F9469EE-6AEC-41C1-9568-5883992DC182}.Debug|Any CPU.ActiveCfg = Debug|Any CPU
		{4F9469EE-6AEC-41C1-9568-5883992DC182}.Debug|Any CPU.Build.0 = Debug|Any CPU
		{4F9469EE-6AEC-41C1-9568-5883992DC182}.Release|Any CPU.ActiveCfg = Release|Any CPU
		{4F9469EE-6AEC-41C1-9568-5883992DC182}.Release|Any CPU.Build.0 = Release|Any CPU
		{4F9469EE-6AEC-41C1-9568-5883992DC182}.Release|Any CPU.Deploy.0 = Release|Any CPU
		{FE90F367-549C-46D6-8359-BB87F426BD5F}.Debug|Any CPU.ActiveCfg = Debug|Any CPU
		{FE90F367-549C-46D6-8359-BB87F426BD5F}.Debug|Any CPU.Build.0 = Debug|Any CPU
		{FE90F367-549C-46D6-8359-BB87F426BD5F}.Release|Any CPU.ActiveCfg = Release|Any CPU
		{FE90F367-549C-46D6-8359-BB87F426BD5F}.Release|Any CPU.Build.0 = Release|Any CPU
		{FE90F367-549C-46D6-8359-BB87F426BD5F}.Release|Any CPU.Deploy.0 = Release|Any CPU
		{CBB2FAC7-5BFD-48E4-9D9C-C85050D413FC}.Debug|Any CPU.ActiveCfg = Debug|Any CPU
		{CBB2FAC7-5BFD-48E4-9D9C-C85050D413FC}.Debug|Any CPU.Build.0 = Debug|Any CPU
		{CBB2FAC7-5BFD-48E4-9D9C-C85050D413FC}.Release|Any CPU.ActiveCfg = Release|Any CPU
		{CBB2FAC7-5BFD-48E4-9D9C-C85050D413FC}.Release|Any CPU.Build.0 = Release|Any CPU
		{CBB2FAC7-5BFD-48E4-9D9C-C85050D413FC}.Release|Any CPU.Deploy.0 = Release|Any CPU
		{2708F33E-5B58-4AC1-8F6E-E3E75694F24F}.Debug|Any CPU.ActiveCfg = Debug|Any CPU
		{2708F33E-5B58-4AC1-8F6E-E3E75694F24F}.Debug|Any CPU.Build.0 = Debug|Any CPU
		{2708F33E-5B58-4AC1-8F6E-E3E75694F24F}.Release|Any CPU.ActiveCfg = Release|Any CPU
		{2708F33E-5B58-4AC1-8F6E-E3E75694F24F}.Release|Any CPU.Build.0 = Release|Any CPU
		{2708F33E-5B58-4AC1-8F6E-E3E75694F24F}.Release|Any CPU.Deploy.0 = Release|Any CPU
		{2A2A36FB-2346-4C58-89CE-01D1D5CCC4CA}.Debug|Any CPU.ActiveCfg = Debug|Any CPU
		{2A2A36FB-2346-4C58-89CE-01D1D5CCC4CA}.Debug|Any CPU.Build.0 = Debug|Any CPU
		{2A2A36FB-2346-4C58-89CE-01D1D5CCC4CA}.Release|Any CPU.ActiveCfg = Release|Any CPU
		{2A2A36FB-2346-4C58-89CE-01D1D5CCC4CA}.Release|Any CPU.Build.0 = Release|Any CPU
		{2A2A36FB-2346-4C58-89CE-01D1D5CCC4CA}.Release|Any CPU.Deploy.0 = Release|Any CPU
		{75CE03C2-3D87-4426-B22A-D325B9C2B4B1}.Debug|Any CPU.ActiveCfg = Debug|Any CPU
		{75CE03C2-3D87-4426-B22A-D325B9C2B4B1}.Debug|Any CPU.Build.0 = Debug|Any CPU
		{75CE03C2-3D87-4426-B22A-D325B9C2B4B1}.Release|Any CPU.ActiveCfg = Release|Any CPU
		{75CE03C2-3D87-4426-B22A-D325B9C2B4B1}.Release|Any CPU.Build.0 = Release|Any CPU
	EndGlobalSection
	GlobalSection(SolutionProperties) = preSolution
		HideSolutionNode = FALSE
	EndGlobalSection
	GlobalSection(NestedProjects) = preSolution
		{68D6918E-C4C6-4CD1-8D8A-0E507E06300F} = {45ADF579-91D7-41B3-AC1D-0D595E696A30}
		{933750C8-5E9D-43F9-9517-46CEADA9E1C0} = {45ADF579-91D7-41B3-AC1D-0D595E696A30}
		{2708F33E-5B58-4AC1-8F6E-E3E75694F24F} = {68D6918E-C4C6-4CD1-8D8A-0E507E06300F}
		{2A2A36FB-2346-4C58-89CE-01D1D5CCC4CA} = {933750C8-5E9D-43F9-9517-46CEADA9E1C0}
		{E4346AC8-D9DA-40D9-82FF-340C618A31C8} = {F78F9DDB-4B3D-4CE1-AAB5-D2E91A7FB46F}
		{1E3F1DE9-84C9-4EDA-9FEB-C139365126CE} = {F78F9DDB-4B3D-4CE1-AAB5-D2E91A7FB46F}
		{124F3F0C-95C4-456B-A8EF-D06C0A01A6E4} = {F78F9DDB-4B3D-4CE1-AAB5-D2E91A7FB46F}
		{75CE03C2-3D87-4426-B22A-D325B9C2B4B1} = {E4346AC8-D9DA-40D9-82FF-340C618A31C8}
		{FE90F367-549C-46D6-8359-BB87F426BD5F} = {1E3F1DE9-84C9-4EDA-9FEB-C139365126CE}
		{4F9469EE-6AEC-41C1-9568-5883992DC182} = {124F3F0C-95C4-456B-A8EF-D06C0A01A6E4}
		{CBB2FAC7-5BFD-48E4-9D9C-C85050D413FC} = {7795255E-0B86-4559-AE5D-7F7B6C60FBBC}
	EndGlobalSection
EndGlobal
